
Microsoft Visual Studio Solution File, Format Version 12.00
# Visual Studio Version 16
VisualStudioVersion = 16.0.31613.86
MinimumVisualStudioVersion = 10.0.40219.1
Project("{2150E333-8FDC-42A3-9474-1A3956D46DE8}") = "Services", "Services", "{6781CE2B-DA4D-4864-B0D1-E07B4FF0D634}"
EndProject
Project("{2150E333-8FDC-42A3-9474-1A3956D46DE8}") = "Catalog", "Catalog", "{06D271F2-CD66-4BE6-8300-52F05ACDD274}"
EndProject
Project("{9A19103F-16F7-4668-BE54-9A1E7A4F7556}") = "Catalog.API", "Services\Catalog\Catalog.API\Catalog.API.csproj", "{8DCB6544-3439-4027-A642-E3FC7DD79EE1}"
EndProject
Project("{E53339B2-1760-4266-BCC7-CA923CBCF16C}") = "docker-compose", "docker-compose.dcproj", "{5773F5BB-972D-4189-9F0C-524EE532D4C2}"
EndProject
Project("{2150E333-8FDC-42A3-9474-1A3956D46DE8}") = "Basket", "Basket", "{7B084AC4-AF53-49AE-A133-D4F209803B67}"
EndProject
Project("{9A19103F-16F7-4668-BE54-9A1E7A4F7556}") = "Basket.API", "Services\Basket\Basket.API\Basket.API.csproj", "{2AD2F941-C55F-4C08-AE1D-425F06CD021C}"
EndProject
Project("{2150E333-8FDC-42A3-9474-1A3956D46DE8}") = "docker-commandos", "docker-commandos", "{2D0E49C4-3057-41A8-A907-7841D45CDE16}"
	ProjectSection(SolutionItems) = preProject
		Docker-commands.txt = Docker-commands.txt
	EndProjectSection
EndProject
Project("{2150E333-8FDC-42A3-9474-1A3956D46DE8}") = "Discount", "Discount", "{144906E2-01B4-4CA6-9E1A-392FFA10F086}"
EndProject
Project("{9A19103F-16F7-4668-BE54-9A1E7A4F7556}") = "Discount.API", "Services\Discount\Discount.API\Discount.API.csproj", "{A2848BCD-A997-4984-B831-953BF82661CB}"
EndProject
Project("{9A19103F-16F7-4668-BE54-9A1E7A4F7556}") = "Discount.Grpc", "Services\Discount\Discount.Grpc\Discount.Grpc.csproj", "{40AE6645-7FAC-4F36-ADC4-982B09A5F9A0}"
EndProject
Project("{2150E333-8FDC-42A3-9474-1A3956D46DE8}") = "Ordering", "Ordering", "{385FAF6C-9139-495C-9EE2-87C62FFD297D}"
EndProject
Project("{9A19103F-16F7-4668-BE54-9A1E7A4F7556}") = "Ordering.API", "Services\Ordering\Ordering.API\Ordering.API.csproj", "{607A609A-DE60-4AA7-8206-C7E59F869E67}"
EndProject
Project("{9A19103F-16F7-4668-BE54-9A1E7A4F7556}") = "Ordering.Domain", "Services\Ordering\Ordering.Domain\Ordering.Domain.csproj", "{AC78E475-D1BA-43C7-941E-1C47BDEB30EC}"
EndProject
Project("{9A19103F-16F7-4668-BE54-9A1E7A4F7556}") = "Ordering.Application", "Services\Ordering\Ordering.Application\Ordering.Application.csproj", "{9BEDDB55-99FB-4B55-9200-708DAD1B9444}"
EndProject
Project("{9A19103F-16F7-4668-BE54-9A1E7A4F7556}") = "Ordering.Infrastructure", "Services\Ordering\Ordering.Infrastructure\Ordering.Infrastructure.csproj", "{2F2A4F16-30DF-4AF6-A6F5-34515F47AC49}"
EndProject
Project("{2150E333-8FDC-42A3-9474-1A3956D46DE8}") = "BuildingBlocks", "BuildingBlocks", "{862B43A4-F892-4511-AE64-CF9008A109F1}"
EndProject
Project("{FAE04EC0-301F-11D3-BF4B-00C04F79EFBC}") = "EventBus.Messages", "BuildingBlocks\EventBus.Messages\EventBus.Messages.csproj", "{A47F8B7E-41A5-412B-A2DF-48A33A31C827}"
EndProject
Project("{2150E333-8FDC-42A3-9474-1A3956D46DE8}") = "ApiGateways", "ApiGateways", "{C6594A77-9393-4EC5-A4F7-997EE56745C1}"
EndProject
Project("{FAE04EC0-301F-11D3-BF4B-00C04F79EFBC}") = "OcelotApiGw", "ApiGateways\OcelotApiGw\OcelotApiGw.csproj", "{91FA65A6-72BB-445B-915A-A49B9095AB8E}"
EndProject
Global
	GlobalSection(SolutionConfigurationPlatforms) = preSolution
		Debug|Any CPU = Debug|Any CPU
		Release|Any CPU = Release|Any CPU
	EndGlobalSection
	GlobalSection(ProjectConfigurationPlatforms) = postSolution
		{8DCB6544-3439-4027-A642-E3FC7DD79EE1}.Debug|Any CPU.ActiveCfg = Debug|Any CPU
		{8DCB6544-3439-4027-A642-E3FC7DD79EE1}.Debug|Any CPU.Build.0 = Debug|Any CPU
		{8DCB6544-3439-4027-A642-E3FC7DD79EE1}.Release|Any CPU.ActiveCfg = Release|Any CPU
		{8DCB6544-3439-4027-A642-E3FC7DD79EE1}.Release|Any CPU.Build.0 = Release|Any CPU
		{5773F5BB-972D-4189-9F0C-524EE532D4C2}.Debug|Any CPU.ActiveCfg = Debug|Any CPU
		{5773F5BB-972D-4189-9F0C-524EE532D4C2}.Debug|Any CPU.Build.0 = Debug|Any CPU
		{5773F5BB-972D-4189-9F0C-524EE532D4C2}.Release|Any CPU.ActiveCfg = Release|Any CPU
		{5773F5BB-972D-4189-9F0C-524EE532D4C2}.Release|Any CPU.Build.0 = Release|Any CPU
		{2AD2F941-C55F-4C08-AE1D-425F06CD021C}.Debug|Any CPU.ActiveCfg = Debug|Any CPU
		{2AD2F941-C55F-4C08-AE1D-425F06CD021C}.Debug|Any CPU.Build.0 = Debug|Any CPU
		{2AD2F941-C55F-4C08-AE1D-425F06CD021C}.Release|Any CPU.ActiveCfg = Release|Any CPU
		{2AD2F941-C55F-4C08-AE1D-425F06CD021C}.Release|Any CPU.Build.0 = Release|Any CPU
		{A2848BCD-A997-4984-B831-953BF82661CB}.Debug|Any CPU.ActiveCfg = Debug|Any CPU
		{A2848BCD-A997-4984-B831-953BF82661CB}.Debug|Any CPU.Build.0 = Debug|Any CPU
		{A2848BCD-A997-4984-B831-953BF82661CB}.Release|Any CPU.ActiveCfg = Release|Any CPU
		{A2848BCD-A997-4984-B831-953BF82661CB}.Release|Any CPU.Build.0 = Release|Any CPU
		{40AE6645-7FAC-4F36-ADC4-982B09A5F9A0}.Debug|Any CPU.ActiveCfg = Debug|Any CPU
		{40AE6645-7FAC-4F36-ADC4-982B09A5F9A0}.Debug|Any CPU.Build.0 = Debug|Any CPU
		{40AE6645-7FAC-4F36-ADC4-982B09A5F9A0}.Release|Any CPU.ActiveCfg = Release|Any CPU
		{40AE6645-7FAC-4F36-ADC4-982B09A5F9A0}.Release|Any CPU.Build.0 = Release|Any CPU
		{607A609A-DE60-4AA7-8206-C7E59F869E67}.Debug|Any CPU.ActiveCfg = Debug|Any CPU
		{607A609A-DE60-4AA7-8206-C7E59F869E67}.Debug|Any CPU.Build.0 = Debug|Any CPU
		{607A609A-DE60-4AA7-8206-C7E59F869E67}.Release|Any CPU.ActiveCfg = Release|Any CPU
		{607A609A-DE60-4AA7-8206-C7E59F869E67}.Release|Any CPU.Build.0 = Release|Any CPU
		{AC78E475-D1BA-43C7-941E-1C47BDEB30EC}.Debug|Any CPU.ActiveCfg = Debug|Any CPU
		{AC78E475-D1BA-43C7-941E-1C47BDEB30EC}.Debug|Any CPU.Build.0 = Debug|Any CPU
		{AC78E475-D1BA-43C7-941E-1C47BDEB30EC}.Release|Any CPU.ActiveCfg = Release|Any CPU
		{AC78E475-D1BA-43C7-941E-1C47BDEB30EC}.Release|Any CPU.Build.0 = Release|Any CPU
		{9BEDDB55-99FB-4B55-9200-708DAD1B9444}.Debug|Any CPU.ActiveCfg = Debug|Any CPU
		{9BEDDB55-99FB-4B55-9200-708DAD1B9444}.Debug|Any CPU.Build.0 = Debug|Any CPU
		{9BEDDB55-99FB-4B55-9200-708DAD1B9444}.Release|Any CPU.ActiveCfg = Release|Any CPU
		{9BEDDB55-99FB-4B55-9200-708DAD1B9444}.Release|Any CPU.Build.0 = Release|Any CPU
		{2F2A4F16-30DF-4AF6-A6F5-34515F47AC49}.Debug|Any CPU.ActiveCfg = Debug|Any CPU
		{2F2A4F16-30DF-4AF6-A6F5-34515F47AC49}.Debug|Any CPU.Build.0 = Debug|Any CPU
		{2F2A4F16-30DF-4AF6-A6F5-34515F47AC49}.Release|Any CPU.ActiveCfg = Release|Any CPU
		{2F2A4F16-30DF-4AF6-A6F5-34515F47AC49}.Release|Any CPU.Build.0 = Release|Any CPU
		{A47F8B7E-41A5-412B-A2DF-48A33A31C827}.Debug|Any CPU.ActiveCfg = Debug|Any CPU
		{A47F8B7E-41A5-412B-A2DF-48A33A31C827}.Debug|Any CPU.Build.0 = Debug|Any CPU
		{A47F8B7E-41A5-412B-A2DF-48A33A31C827}.Release|Any CPU.ActiveCfg = Release|Any CPU
		{A47F8B7E-41A5-412B-A2DF-48A33A31C827}.Release|Any CPU.Build.0 = Release|Any CPU
		{91FA65A6-72BB-445B-915A-A49B9095AB8E}.Debug|Any CPU.ActiveCfg = Debug|Any CPU
		{91FA65A6-72BB-445B-915A-A49B9095AB8E}.Debug|Any CPU.Build.0 = Debug|Any CPU
		{91FA65A6-72BB-445B-915A-A49B9095AB8E}.Release|Any CPU.ActiveCfg = Release|Any CPU
		{91FA65A6-72BB-445B-915A-A49B9095AB8E}.Release|Any CPU.Build.0 = Release|Any CPU
	EndGlobalSection
	GlobalSection(SolutionProperties) = preSolution
		HideSolutionNode = FALSE
	EndGlobalSection
	GlobalSection(NestedProjects) = preSolution
		{06D271F2-CD66-4BE6-8300-52F05ACDD274} = {6781CE2B-DA4D-4864-B0D1-E07B4FF0D634}
		{8DCB6544-3439-4027-A642-E3FC7DD79EE1} = {06D271F2-CD66-4BE6-8300-52F05ACDD274}
		{7B084AC4-AF53-49AE-A133-D4F209803B67} = {6781CE2B-DA4D-4864-B0D1-E07B4FF0D634}
		{2AD2F941-C55F-4C08-AE1D-425F06CD021C} = {7B084AC4-AF53-49AE-A133-D4F209803B67}
		{144906E2-01B4-4CA6-9E1A-392FFA10F086} = {6781CE2B-DA4D-4864-B0D1-E07B4FF0D634}
		{A2848BCD-A997-4984-B831-953BF82661CB} = {144906E2-01B4-4CA6-9E1A-392FFA10F086}
		{40AE6645-7FAC-4F36-ADC4-982B09A5F9A0} = {144906E2-01B4-4CA6-9E1A-392FFA10F086}
		{385FAF6C-9139-495C-9EE2-87C62FFD297D} = {6781CE2B-DA4D-4864-B0D1-E07B4FF0D634}
		{607A609A-DE60-4AA7-8206-C7E59F869E67} = {385FAF6C-9139-495C-9EE2-87C62FFD297D}
		{AC78E475-D1BA-43C7-941E-1C47BDEB30EC} = {385FAF6C-9139-495C-9EE2-87C62FFD297D}
		{9BEDDB55-99FB-4B55-9200-708DAD1B9444} = {385FAF6C-9139-495C-9EE2-87C62FFD297D}
		{2F2A4F16-30DF-4AF6-A6F5-34515F47AC49} = {385FAF6C-9139-495C-9EE2-87C62FFD297D}
		{A47F8B7E-41A5-412B-A2DF-48A33A31C827} = {862B43A4-F892-4511-AE64-CF9008A109F1}
		{91FA65A6-72BB-445B-915A-A49B9095AB8E} = {C6594A77-9393-4EC5-A4F7-997EE56745C1}
	EndGlobalSection
	GlobalSection(ExtensibilityGlobals) = postSolution
		SolutionGuid = {0F5A41C1-93D7-4F1A-94FE-D47E5EC6FD06}
	EndGlobalSection
EndGlobal
